{
    "requires": true,
    "lockfileVersion": 1,
    "dependencies": {
        "@bravosellcms/ajax-button": {
            "version": "1.0.2",
            "resolved": "https://registry.npmjs.org/@bravosellcms/ajax-button/-/ajax-button-1.0.2.tgz",
            "integrity": "sha512-FmFm8PslG/rO+kKxl8l75LGgs4nSzCD66QGQ5GSB16mLjiCO01YGhM/p3vfcS9/2tKXmilYxkUhue/8rtchppw=="
        },
        "@bravosellcms/editor": {
            "version": "1.0.1",
            "resolved": "https://registry.npmjs.org/@bravosellcms/editor/-/editor-1.0.1.tgz",
            "integrity": "sha512-1p1fFYQWR/iKIAy7XLw+2ch9qjUet01Ex2Lgs5KF2a7FqzaRkMcDFW5mBSPiRgwZT/Jqyjc2vaI7K8VQy8M95w==",
            "requires": {
                "@bravosellcms/file-manager": "1.0.0",
                "bootstrap": "3.3.7",
                "jquery": "3.3.1",
                "jquery-colpick": "3.1.0",
                "jquery-ui": "1.12.1",
                "select2": "4.0.5"
            },
            "dependencies": {
                "bootstrap": {
                    "version": "3.3.7",
                    "resolved": "https://registry.npmjs.org/bootstrap/-/bootstrap-3.3.7.tgz",
                    "integrity": "sha1-WjiTlFSfIzMIdaOxUGVldPip63E="
                }
            }
        },
        "@bravosellcms/file-manager": {
            "version": "1.0.0",
            "resolved": "https://registry.npmjs.org/@bravosellcms/file-manager/-/file-manager-1.0.0.tgz",
            "integrity": "sha512-77VGli50B1pciGslkYTymHJ9kQPUllExo2v0CLuClgptSOhxD2HIGRxYr5bIiIZxEan0fambLJUNrkNzvArHGQ=="
        },
        "almond": {
            "version": "0.3.3",
            "resolved": "https://registry.npmjs.org/almond/-/almond-0.3.3.tgz",
            "integrity": "sha1-oOfJWsdiTWQXtElLHmi/9pMWiiA="
        },
        "bootstrap": {
            "version": "4.1.3",
            "resolved": "https://registry.npmjs.org/bootstrap/-/bootstrap-4.1.3.tgz",
            "integrity": "sha512-rDFIzgXcof0jDyjNosjv4Sno77X4KuPeFxG2XZZv1/Kc8DRVGVADdoQyyOVDwPqL36DDmtCQbrpMCqvpPLJQ0w=="
        },
        "jquery": {
            "version": "3.3.1",
            "resolved": "https://registry.npmjs.org/jquery/-/jquery-3.3.1.tgz",
            "integrity": "sha512-Ubldcmxp5np52/ENotGxlLe6aGMvmF4R8S6tZjsP6Knsaxd/xp3Zrh50cG93lR6nPXyUFwzN3ZSOQI0wRJNdGg=="
        },
        "jquery-colpick": {
            "version": "3.1.0",
            "resolved": "https://registry.npmjs.org/jquery-colpick/-/jquery-colpick-3.1.0.tgz",
            "integrity": "sha1-8eZEfCra7nXGTL/6H2oC9zQTMOk=",
            "requires": {
                "jquery": "3.3.1"
            }
        },
        "jquery-mousewheel": {
            "version": "3.1.13",
            "resolved": "https://registry.npmjs.org/jquery-mousewheel/-/jquery-mousewheel-3.1.13.tgz",
            "integrity": "sha1-BvAzXxbjU6aV5yBr9QUDy1I6buU="
        },
        "jquery-ui": {
            "version": "1.12.1",
            "resolved": "https://registry.npmjs.org/jquery-ui/-/jquery-ui-1.12.1.tgz",
            "integrity": "sha1-vLQEXI3QU5wTS8FIjN0+dop6nlE="
        },
        "popper.js": {
            "version": "1.14.4",
            "resolved": "https://registry.npmjs.org/popper.js/-/popper.js-1.14.4.tgz",
            "integrity": "sha1-juwdj/AqWjoVLdQ0FKFce3n9abY="
        },
        "select2": {
            "version": "4.0.5",
            "resolved": "https://registry.npmjs.org/select2/-/select2-4.0.5.tgz",
            "integrity": "sha1-eqxQaSVhmFs007guxV4ib4lg1Ao=",
            "requires": {
                "almond": "0.3.3",
                "jquery-mousewheel": "3.1.13"
            }
        }
    }
}
