{
    "requires": true,
    "lockfileVersion": 1,
    "dependencies": {
        "@bravosellcms/ajax-button": {
            "version": "1.1.0",
            "resolved": "https://registry.npmjs.org/@bravosellcms/ajax-button/-/ajax-button-1.1.0.tgz",
            "integrity": "sha512-nQjWj7o+B586+lkyq6AAeK1EZiidPVT6JCMy5UFJ3jsb1kNdXOZwGurpl7jjIPgQ0cbUAmhY6UfyiqCCWTJWPw=="
        },
        "@bravosellcms/editor": {
            "version": "1.0.1",
            "resolved": "https://registry.npmjs.org/@bravosellcms/editor/-/editor-1.0.1.tgz",
            "integrity": "sha512-1p1fFYQWR/iKIAy7XLw+2ch9qjUet01Ex2Lgs5KF2a7FqzaRkMcDFW5mBSPiRgwZT/Jqyjc2vaI7K8VQy8M95w==",
            "requires": {
                "@bravosellcms/file-manager": "1.1.0",
                "bootstrap": "3.3.7",
                "jquery": "3.3.1",
                "jquery-colpick": "3.1.0",
                "jquery-ui": "1.12.1",
                "select2": "4.0.5"
            },
            "dependencies": {
                "bootstrap": {
                    "version": "3.3.7",
                    "resolved": "https://registry.npmjs.org/bootstrap/-/bootstrap-3.3.7.tgz",
                    "integrity": "sha1-WjiTlFSfIzMIdaOxUGVldPip63E="
                }
            }
        },
        "@bravosellcms/file-manager": {
            "version": "1.1.0",
            "resolved": "https://registry.npmjs.org/@bravosellcms/file-manager/-/file-manager-1.1.0.tgz",
            "integrity": "sha512-JmMgjJ+26gh2jxwDOwpi82tGyUaXLzLFCFSlMa3ngXaEV3dwbXiLIpB4I68qpphiZ4B23oAeuwlYXbJzi7hviw=="
        },
        "@bravosellcms/language-selector": {
            "version": "1.0.0",
            "resolved": "https://registry.npmjs.org/@bravosellcms/language-selector/-/language-selector-1.0.0.tgz",
            "integrity": "sha512-M9d7WFAp19XgXokMR7/8TxzuH3fbTSvZuzyk4xMYQcNRitL3/NnsCHCiyXU76agQjxxIDh/vhmwxmFcYPgtFNQ=="
        },
        "almond": {
            "version": "0.3.3",
            "resolved": "https://registry.npmjs.org/almond/-/almond-0.3.3.tgz",
            "integrity": "sha1-oOfJWsdiTWQXtElLHmi/9pMWiiA="
        },
        "bootstrap": {
            "version": "4.1.3",
            "resolved": "https://registry.npmjs.org/bootstrap/-/bootstrap-4.1.3.tgz",
            "integrity": "sha512-rDFIzgXcof0jDyjNosjv4Sno77X4KuPeFxG2XZZv1/Kc8DRVGVADdoQyyOVDwPqL36DDmtCQbrpMCqvpPLJQ0w=="
        },
        "jquery": {
            "version": "3.3.1",
            "resolved": "https://registry.npmjs.org/jquery/-/jquery-3.3.1.tgz",
            "integrity": "sha512-Ubldcmxp5np52/ENotGxlLe6aGMvmF4R8S6tZjsP6Knsaxd/xp3Zrh50cG93lR6nPXyUFwzN3ZSOQI0wRJNdGg=="
        },
        "jquery-colpick": {
            "version": "3.1.0",
            "resolved": "https://registry.npmjs.org/jquery-colpick/-/jquery-colpick-3.1.0.tgz",
            "integrity": "sha1-8eZEfCra7nXGTL/6H2oC9zQTMOk=",
            "requires": {
                "jquery": "3.3.1"
            }
        },
        "jquery-mousewheel": {
            "version": "3.1.13",
            "resolved": "https://registry.npmjs.org/jquery-mousewheel/-/jquery-mousewheel-3.1.13.tgz",
            "integrity": "sha1-BvAzXxbjU6aV5yBr9QUDy1I6buU="
        },
        "jquery-ui": {
            "version": "1.12.1",
            "resolved": "https://registry.npmjs.org/jquery-ui/-/jquery-ui-1.12.1.tgz",
            "integrity": "sha1-vLQEXI3QU5wTS8FIjN0+dop6nlE="
        },
        "jquery-ui-dist": {
            "version": "1.12.1",
            "resolved": "https://registry.npmjs.org/jquery-ui-dist/-/jquery-ui-dist-1.12.1.tgz",
            "integrity": "sha1-XAgV08xvkP9fqvWyaKbiO0ypBPo="
        },
        "js-cookie": {
            "version": "2.2.0",
            "resolved": "https://registry.npmjs.org/js-cookie/-/js-cookie-2.2.0.tgz",
            "integrity": "sha1-Gywnmm7s44ChIWi5JIUmWzWx7/s="
        },
        "popper.js": {
            "version": "1.14.4",
            "resolved": "https://registry.npmjs.org/popper.js/-/popper.js-1.14.4.tgz",
            "integrity": "sha1-juwdj/AqWjoVLdQ0FKFce3n9abY="
        },
        "requirejs": {
            "version": "2.3.6",
            "resolved": "https://registry.npmjs.org/requirejs/-/requirejs-2.3.6.tgz",
            "integrity": "sha512-ipEzlWQe6RK3jkzikgCupiTbTvm4S0/CAU5GlgptkN5SO6F3u0UD0K18wy6ErDqiCyP4J4YYe1HuAShvsxePLg=="
        },
        "select2": {
            "version": "4.0.5",
            "resolved": "https://registry.npmjs.org/select2/-/select2-4.0.5.tgz",
            "integrity": "sha1-eqxQaSVhmFs007guxV4ib4lg1Ao=",
            "requires": {
                "almond": "0.3.3",
                "jquery-mousewheel": "3.1.13"
            }
        }
    }
}
