{
    "requires": true,
    "lockfileVersion": 1,
    "dependencies": {
        "@bravocms/ajax-button": {
            "version": "1.1.0",
            "resolved": "https://npm.pkg.github.com/download/@bravocms/ajax-button/1.1.0/e2d55b8afc47e1b5c7c33588e84e66ffa00e2fcb9db7951c5b761d9be89190dd",
            "integrity": "sha512-vIkIxKNu5wi2v04A41RDBwk//uFwHwDN515qoBd2dQ9juvNxqOtVB5H4xoeMbb6GLelgGij50n6IxM4KlydU3g=="
        },
        "@bravocms/autosaving": {
            "version": "1.0.7",
            "resolved": "https://npm.pkg.github.com/download/@bravocms/autosaving/1.0.7/9de94cac6549a946cbab1f696dacea61cd0b1a4b14f0e1a7054dbbb65aa3dce8",
            "integrity": "sha512-d8ZTBORl+DSlHrOzzfGh4jsQGRA/qdvbko2Nibn1wcXQKtwLiryP24Lt+2xKrmF8q/uP0VZiAaK9i0r+860g+w=="
        },
        "@bravocms/editor": {
            "version": "1.0.2",
            "resolved": "https://npm.pkg.github.com/download/@bravocms/editor/1.0.2/183f9a7f1658c9a58e022528d0b8264ce2bf5837bd941f8c74b16ca72b8ad29e",
            "integrity": "sha512-HwRouSZrvTMN323GZ8n6pGbXKHK0ddT+VIUo3AfDyvh18Wx7KxB09ZVwEO3wc4zFvTmgfhIDEHcuWf4pMFku8Q=="
        },
        "@bravocms/file-manager": {
            "version": "1.1.5",
            "resolved": "https://npm.pkg.github.com/download/@bravocms/file-manager/1.1.5/069d2e561a26e5f9bfaa93f8d1a032d7ba137183e97c861560874f1c37f8dc98",
            "integrity": "sha512-4T8Nl4mxu89flTdnZ/vZ8wkCZcWRcrzs9Jsr62AgZKD0N+89Ci9hHbWRsYj2IVM3OIkLLcvuEYRJCkzIxXkClg=="
        },
        "@bravocms/language-selector": {
            "version": "1.0.1",
            "resolved": "https://npm.pkg.github.com/download/@bravocms/language-selector/1.0.1/35654242465fbbaee169713feba1426cc4e259a5f3898b52645db570fc9864f0",
            "integrity": "sha512-Hb2tdT/7D7I7oZFvydrSY+/b2+Y2hkkbs0d7owhhimaXados58koskOmVrvMxAfQmKT28L80A27oUI5B91ruqg=="
        },
        "@bravocms/timer": {
            "version": "1.0.1",
            "resolved": "https://npm.pkg.github.com/download/@bravocms/timer/1.0.1/d3ab93bca779da0be92076dda86898376f1a81ef9b73749a36e9e69ed3966a53",
            "integrity": "sha512-MetbyNKWCeqA7JBTLFFFSPhouF7xCIuCPZRbX7jUZUBIrbEvFNoil8hB4RRmKTHIpfX77zqpyDOgAOpboJLU4Q=="
        },
        "bootstrap": {
            "version": "4.4.1",
            "resolved": "https://registry.npmjs.org/bootstrap/-/bootstrap-4.4.1.tgz",
            "integrity": "sha512-tbx5cHubwE6e2ZG7nqM3g/FZ5PQEDMWmMGNrCUBVRPHXTJaH7CBDdsLeu3eCh3B1tzAxTnAbtmrzvWEvT2NNEA=="
        },
        "jquery": {
            "version": "3.5.0",
            "resolved": "https://registry.npmjs.org/jquery/-/jquery-3.5.0.tgz",
            "integrity": "sha512-Xb7SVYMvygPxbFMpTFQiHh1J7HClEaThguL15N/Gg37Lri/qKyhRGZYzHRyLH8Stq3Aow0LsHO2O2ci86fCrNQ=="
        },
        "jquery-colpick": {
            "version": "3.1.0",
            "resolved": "https://registry.npmjs.org/jquery-colpick/-/jquery-colpick-3.1.0.tgz",
            "integrity": "sha1-8eZEfCra7nXGTL/6H2oC9zQTMOk=",
            "requires": {
                "jquery": ">=1.7.0 || ^2.1.4"
            }
        },
        "jquery-ui-dist": {
            "version": "1.12.1",
            "resolved": "https://registry.npmjs.org/jquery-ui-dist/-/jquery-ui-dist-1.12.1.tgz",
            "integrity": "sha1-XAgV08xvkP9fqvWyaKbiO0ypBPo="
        },
        "js-cookie": {
            "version": "2.2.1",
            "resolved": "https://registry.npmjs.org/js-cookie/-/js-cookie-2.2.1.tgz",
            "integrity": "sha512-HvdH2LzI/EAZcUwA8+0nKNtWHqS+ZmijLA30RwZA0bo7ToCckjK5MkGhjED9KoRcXO6BaGI3I9UIzSA1FKFPOQ=="
        },
        "popper.js": {
            "version": "1.16.1",
            "resolved": "https://registry.npmjs.org/popper.js/-/popper.js-1.16.1.tgz",
            "integrity": "sha512-Wb4p1J4zyFTbM+u6WuO4XstYx4Ky9Cewe4DWrel7B0w6VVICvPwdOpotjzcf6eD8TsckVnIMNONQyPIUFOUbCQ=="
        },
        "requirejs": {
            "version": "2.3.6",
            "resolved": "https://registry.npmjs.org/requirejs/-/requirejs-2.3.6.tgz",
            "integrity": "sha512-ipEzlWQe6RK3jkzikgCupiTbTvm4S0/CAU5GlgptkN5SO6F3u0UD0K18wy6ErDqiCyP4J4YYe1HuAShvsxePLg=="
        }
    }
}
